
Microsoft Visual Studio Solution File, Format Version 12.00
# Visual Studio 15
Project("{FAE04EC0-301F-11D3-BF4B-00C04F79EFBC}") = "Assembly-CSharp", "Assembly-CSharp.csproj", "{054DEF86-CF47-F889-E197-1D55906591F2}"
EndProject
Project("{FAE04EC0-301F-11D3-BF4B-00C04F79EFBC}") = "Assembly-CSharp-Editor", "Assembly-CSharp-Editor.csproj", "{AA4DEC5D-0F5A-C9AA-88DB-F5F07D009E01}"
EndProject
Global
	GlobalSection(SolutionConfigurationPlatforms) = preSolution
		Debug|Any CPU = Debug|Any CPU
		Release|Any CPU = Release|Any CPU
	EndGlobalSection
	GlobalSection(ProjectConfigurationPlatforms) = postSolution
		{054DEF86-CF47-F889-E197-1D55906591F2}.Debug|Any CPU.ActiveCfg = Debug|Any CPU
		{054DEF86-CF47-F889-E197-1D55906591F2}.Debug|Any CPU.Build.0 = Debug|Any CPU
		{054DEF86-CF47-F889-E197-1D55906591F2}.Release|Any CPU.ActiveCfg = Release|Any CPU
		{054DEF86-CF47-F889-E197-1D55906591F2}.Release|Any CPU.Build.0 = Release|Any CPU
		{AA4DEC5D-0F5A-C9AA-88DB-F5F07D009E01}.Debug|Any CPU.ActiveCfg = Debug|Any CPU
		{AA4DEC5D-0F5A-C9AA-88DB-F5F07D009E01}.Debug|Any CPU.Build.0 = Debug|Any CPU
		{AA4DEC5D-0F5A-C9AA-88DB-F5F07D009E01}.Release|Any CPU.ActiveCfg = Release|Any CPU
		{AA4DEC5D-0F5A-C9AA-88DB-F5F07D009E01}.Release|Any CPU.Build.0 = Release|Any CPU
	EndGlobalSection
	GlobalSection(SolutionProperties) = preSolution
		HideSolutionNode = FALSE
	EndGlobalSection
EndGlobal
